Microsoft Visual Studio Solution File, Format Version 12.00
# Visual Studio 15
VisualStudioVersion = 15.0.26114.2
MinimumVisualStudioVersion = 10.0.40219.1
Project("{2150E333-8FDC-42A3-9474-1A3956D46DE8}") = "Solution Items", "Solution Items", "{65D019ED-1B19-47DD-8C89-4FBABAA860D8}"
	ProjectSection(SolutionItems) = preProject
		appveyor.yml = appveyor.yml
		README.md = README.md
	EndProjectSection
EndProject
Project("{2150E333-8FDC-42A3-9474-1A3956D46DE8}") = "src", "src", "{6D7773F3-76FA-4E25-A85C-7AA1AD5668D8}"
EndProject
Project("{2150E333-8FDC-42A3-9474-1A3956D46DE8}") = "tools", "tools", "{CF8C1543-B634-47F5-BF43-4508F64E0554}"
EndProject
Project("{2150E333-8FDC-42A3-9474-1A3956D46DE8}") = "tests", "tests", "{17EC0D83-06FD-45A9-87CE-5A6901204774}"
EndProject
Project("{9A19103F-16F7-4668-BE54-9A1E7A4F7556}") = "jmespath.net", "src\jmespath.net\jmespath.net.csproj", "{1865BD9B-E6B1-48D5-AD30-D5C37BADF158}"
EndProject
Project("{9A19103F-16F7-4668-BE54-9A1E7A4F7556}") = "jmespathnet.tests", "tests\jmespathnet.tests\jmespathnet.tests.csproj", "{CA3DEC79-1E93-403E-92CB-98A7319A0160}"
EndProject
Global
	GlobalSection(SolutionConfigurationPlatforms) = preSolution
		Debug|Any CPU = Debug|Any CPU
		Debug|x64 = Debug|x64
		Debug|x86 = Debug|x86
		Release|Any CPU = Release|Any CPU
		Release|x64 = Release|x64
		Release|x86 = Release|x86
	EndGlobalSection
	GlobalSection(ProjectConfigurationPlatforms) = postSolution
		{1865BD9B-E6B1-48D5-AD30-D5C37BADF158}.Debug|Any CPU.ActiveCfg = Debug|Any CPU
		{1865BD9B-E6B1-48D5-AD30-D5C37BADF158}.Debug|Any CPU.Build.0 = Debug|Any CPU
		{1865BD9B-E6B1-48D5-AD30-D5C37BADF158}.Debug|x64.ActiveCfg = Debug|Any CPU
		{1865BD9B-E6B1-48D5-AD30-D5C37BADF158}.Debug|x64.Build.0 = Debug|Any CPU
		{1865BD9B-E6B1-48D5-AD30-D5C37BADF158}.Debug|x86.ActiveCfg = Debug|Any CPU
		{1865BD9B-E6B1-48D5-AD30-D5C37BADF158}.Debug|x86.Build.0 = Debug|Any CPU
		{1865BD9B-E6B1-48D5-AD30-D5C37BADF158}.Release|Any CPU.ActiveCfg = Release|Any CPU
		{1865BD9B-E6B1-48D5-AD30-D5C37BADF158}.Release|Any CPU.Build.0 = Release|Any CPU
		{1865BD9B-E6B1-48D5-AD30-D5C37BADF158}.Release|x64.ActiveCfg = Release|Any CPU
		{1865BD9B-E6B1-48D5-AD30-D5C37BADF158}.Release|x64.Build.0 = Release|Any CPU
		{1865BD9B-E6B1-48D5-AD30-D5C37BADF158}.Release|x86.ActiveCfg = Release|Any CPU
		{1865BD9B-E6B1-48D5-AD30-D5C37BADF158}.Release|x86.Build.0 = Release|Any CPU
		{CA3DEC79-1E93-403E-92CB-98A7319A0160}.Debug|Any CPU.ActiveCfg = Debug|Any CPU
		{CA3DEC79-1E93-403E-92CB-98A7319A0160}.Debug|Any CPU.Build.0 = Debug|Any CPU
		{CA3DEC79-1E93-403E-92CB-98A7319A0160}.Debug|x64.ActiveCfg = Debug|Any CPU
		{CA3DEC79-1E93-403E-92CB-98A7319A0160}.Debug|x64.Build.0 = Debug|Any CPU
		{CA3DEC79-1E93-403E-92CB-98A7319A0160}.Debug|x86.ActiveCfg = Debug|Any CPU
		{CA3DEC79-1E93-403E-92CB-98A7319A0160}.Debug|x86.Build.0 = Debug|Any CPU
		{CA3DEC79-1E93-403E-92CB-98A7319A0160}.Release|Any CPU.ActiveCfg = Release|Any CPU
		{CA3DEC79-1E93-403E-92CB-98A7319A0160}.Release|Any CPU.Build.0 = Release|Any CPU
		{CA3DEC79-1E93-403E-92CB-98A7319A0160}.Release|x64.ActiveCfg = Release|Any CPU
		{CA3DEC79-1E93-403E-92CB-98A7319A0160}.Release|x64.Build.0 = Release|Any CPU
		{CA3DEC79-1E93-403E-92CB-98A7319A0160}.Release|x86.ActiveCfg = Release|Any CPU
		{CA3DEC79-1E93-403E-92CB-98A7319A0160}.Release|x86.Build.0 = Release|Any CPU
	EndGlobalSection
	GlobalSection(SolutionProperties) = preSolution
		HideSolutionNode = FALSE
	EndGlobalSection
	GlobalSection(NestedProjects) = preSolution
		{1865BD9B-E6B1-48D5-AD30-D5C37BADF158} = {6D7773F3-76FA-4E25-A85C-7AA1AD5668D8}
		{CA3DEC79-1E93-403E-92CB-98A7319A0160} = {17EC0D83-06FD-45A9-87CE-5A6901204774}
	EndGlobalSection
	GlobalSection(ExtensibilityGlobals) = postSolution
		SolutionGuid = {673BD1F0-BA13-42C5-8C33-2BED6ABAC179}
	EndGlobalSection
EndGlobal
